
Microsoft Visual Studio Solution File, Format Version 12.00
# Visual Studio 15
VisualStudioVersion = 15.0.26730.16
MinimumVisualStudioVersion = 10.0.40219.1
Project("{9A19103F-16F7-4668-BE54-9A1E7A4F7556}") = "MyLibrary", "MyLibrary\MyLibrary.csproj", "{5C4E6304-A64B-44B8-8D79-384FE8DFF5AA}"
EndProject
Project("{FAE04EC0-301F-11D3-BF4B-00C04F79EFBC}") = "Test", "Test\Test.csproj", "{2B841005-F7E8-481D-8770-F97E4D353202}"
EndProject
Global
	GlobalSection(SolutionConfigurationPlatforms) = preSolution
		Debug|Any CPU = Debug|Any CPU
		Release|Any CPU = Release|Any CPU
	EndGlobalSection
	GlobalSection(ProjectConfigurationPlatforms) = postSolution
		{5C4E6304-A64B-44B8-8D79-384FE8DFF5AA}.Debug|Any CPU.ActiveCfg = Debug|Any CPU
		{5C4E6304-A64B-44B8-8D79-384FE8DFF5AA}.Debug|Any CPU.Build.0 = Debug|Any CPU
		{5C4E6304-A64B-44B8-8D79-384FE8DFF5AA}.Release|Any CPU.ActiveCfg = Release|Any CPU
		{5C4E6304-A64B-44B8-8D79-384FE8DFF5AA}.Release|Any CPU.Build.0 = Release|Any CPU
		{2B841005-F7E8-481D-8770-F97E4D353202}.Debug|Any CPU.ActiveCfg = Debug|Any CPU
		{2B841005-F7E8-481D-8770-F97E4D353202}.Debug|Any CPU.Build.0 = Debug|Any CPU
		{2B841005-F7E8-481D-8770-F97E4D353202}.Release|Any CPU.ActiveCfg = Release|Any CPU
		{2B841005-F7E8-481D-8770-F97E4D353202}.Release|Any CPU.Build.0 = Release|Any CPU
	EndGlobalSection
	GlobalSection(SolutionProperties) = preSolution
		HideSolutionNode = FALSE
	EndGlobalSection
	GlobalSection(ExtensibilityGlobals) = postSolution
		SolutionGuid = {061B2103-9357-4D1A-807F-FC9EF70BAAFA}
	EndGlobalSection
EndGlobal
